
Microsoft Visual Studio Solution File, Format Version 12.00
# Visual Studio Version 17
VisualStudioVersion = 17.9.34723.18
MinimumVisualStudioVersion = 10.0.40219.1
Project("{FAE04EC0-301F-11D3-BF4B-00C04F79EFBC}") = "users-login", "users-login.csproj", "{A97E4F3D-583B-42AC-A54A-819FC125D3E0}"
EndProject
Global
	GlobalSection(SolutionConfigurationPlatforms) = preSolution
		Debug|Any CPU = Debug|Any CPU
		Release|Any CPU = Release|Any CPU
	EndGlobalSection
	GlobalSection(ProjectConfigurationPlatforms) = postSolution
		{A97E4F3D-583B-42AC-A54A-819FC125D3E0}.Debug|Any CPU.ActiveCfg = Debug|Any CPU
		{A97E4F3D-583B-42AC-A54A-819FC125D3E0}.Debug|Any CPU.Build.0 = Debug|Any CPU
		{A97E4F3D-583B-42AC-A54A-819FC125D3E0}.Release|Any CPU.ActiveCfg = Release|Any CPU
		{A97E4F3D-583B-42AC-A54A-819FC125D3E0}.Release|Any CPU.Build.0 = Release|Any CPU
	EndGlobalSection
	GlobalSection(SolutionProperties) = preSolution
		HideSolutionNode = FALSE
	EndGlobalSection
	GlobalSection(ExtensibilityGlobals) = postSolution
		SolutionGuid = {9BFCD0A7-AC93-4C9D-A73E-AB3B9E8E58AA}
	EndGlobalSection
EndGlobal
